# This file is automatically @generated by Cargo.
# It is not intended for manual editing.
version = 4

[[package]]
name = "aggregator-core"
version = "0.1.0"

[[package]]
name = "analysis-tools"
version = "0.1.0"

[[package]]
name = "benchmarks"
version = "0.1.0"

[[package]]
name = "cli-tools"
version = "0.1.0"

[[package]]
name = "exchange-connectors"
version = "0.1.0"

[[package]]
name = "orderbook-implementations"
version = "0.1.0"

[[package]]
name = "server-implementations"
version = "0.1.0"
